# THIS IS AN AUTOGENERATED FILE. DO NOT EDIT THIS FILE DIRECTLY.
# yarn lockfile v1


"@persevie/grimoire-css-js-darwin-arm64@2.0.0":
  version "2.0.0"
  resolved "https://registry.yarnpkg.com/@persevie/grimoire-css-js-darwin-arm64/-/grimoire-css-js-darwin-arm64-2.0.0.tgz#910a0686ba2ead87c863b84f07353e2278a000dc"
  integrity sha512-pAn3iPomdlHBQ7KXEHvOXzylSswJAKQrzx+B9I5xN2v4vF9FbZbNqfU9rp9d2QSj0tynu7zOHb6BQM5RgVX03Q==

"@persevie/grimoire-css-js-darwin-x64@2.0.0":
  version "2.0.0"
  resolved "https://registry.yarnpkg.com/@persevie/grimoire-css-js-darwin-x64/-/grimoire-css-js-darwin-x64-2.0.0.tgz#36e7c1cb356609955c9fa14f2618c59adc1964a1"
  integrity sha512-L1t/u7opvbsohKjD4gpsw2Et+SMV4zyc/KiMHjH2ZJh1wUMkS3MYH8w2USFtzjADBj+WoXkGCTZE8d4QI8sydA==

"@persevie/grimoire-css-js-linux-arm64-gnu@2.0.0":
  version "2.0.0"
  resolved "https://registry.yarnpkg.com/@persevie/grimoire-css-js-linux-arm64-gnu/-/grimoire-css-js-linux-arm64-gnu-2.0.0.tgz#a15271333466dca4278d2a77fe1240e780567044"
  integrity sha512-cIwtu/nrOtQDblO8eokqQCvX3aUCzfimhaZxyWyrUtkrcvrUNMJSX04CrV/EkS98dW1ci/ztAI+PGqeuHWZclw==

"@persevie/grimoire-css-js-linux-x64-gnu@2.0.0":
  version "2.0.0"
  resolved "https://registry.yarnpkg.com/@persevie/grimoire-css-js-linux-x64-gnu/-/grimoire-css-js-linux-x64-gnu-2.0.0.tgz#e819744eda848d4a68adc697f6cec85ec8b9fa19"
  integrity sha512-VyPXwm1Dz1+dXVpWS2QM7t3h3BwTJ/TAbYJgsXGLady0ZjRBrkszkKgScGWmJ3vlUuuBcAV8dc7g+pQuGNGIqQ==

"@persevie/grimoire-css-js-win32-x64-msvc@2.0.0":
  version "2.0.0"
  resolved "https://registry.yarnpkg.com/@persevie/grimoire-css-js-win32-x64-msvc/-/grimoire-css-js-win32-x64-msvc-2.0.0.tgz#4691f7e6f39e73d1a0ea09571f1da3e944e2e594"
  integrity sha512-TL6+U3yZaMFbYMC+YwdAMk/is8uVnrj18EA/3CNd9UBOLIQJYQp/LAOKdz2Onl2L18qKFhMWDyjwnr5SoH2xjg==

"@persevie/grimoire-css-js@^2.0.0":
  version "2.0.0"
  resolved "https://registry.yarnpkg.com/@persevie/grimoire-css-js/-/grimoire-css-js-2.0.0.tgz#e1d810927e3f0000ab688fa9d77e09a839090f60"
  integrity sha512-ptodAIxvFaiV7uPhxUlTQRcHj1TXc7QC9diSUDPW8uVM5ck/hzF1cJyOJCNXVPzSUVCHcSNM6AL3Unqqu4Hgcg==
  optionalDependencies:
    "@persevie/grimoire-css-js-darwin-arm64" "2.0.0"
    "@persevie/grimoire-css-js-darwin-x64" "2.0.0"
    "@persevie/grimoire-css-js-linux-arm64-gnu" "2.0.0"
    "@persevie/grimoire-css-js-linux-x64-gnu" "2.0.0"
    "@persevie/grimoire-css-js-win32-x64-msvc" "2.0.0"
