# THIS IS AN AUTOGENERATED FILE. DO NOT EDIT THIS FILE DIRECTLY.
# yarn lockfile v1


"@persevie/gcssjs-darwin-arm64@1.0.0":
  version "1.0.0"
  resolved "https://registry.yarnpkg.com/@persevie/gcssjs-darwin-arm64/-/gcssjs-darwin-arm64-1.0.0.tgz#954f753c6dde530a7b4a24cb055e6603d88679b2"
  integrity sha512-IAGI6uI7xzKKQdj2r/LRv/XO09z8den3Rpp6FTpI9Fi8NqFnOoTTOLDR1r3fAqJJUopKwNtWAMg4J3QQDyopdw==

"@persevie/gcssjs-darwin-x64@1.0.0":
  version "1.0.0"
  resolved "https://registry.yarnpkg.com/@persevie/gcssjs-darwin-x64/-/gcssjs-darwin-x64-1.0.0.tgz#2631f7843c4a1aee7b8d1a4c26f337ede0a141d5"
  integrity sha512-I8C9pvrArZ8Gzg4dkS+AkCISqlH25UWlvNJOzYaTWCZowvwVAB1xvHWR8WmRGgf0kP6c+9JEMWX8GF692Owe3w==

"@persevie/gcssjs-linux-arm64-gnu@1.0.0":
  version "1.0.0"
  resolved "https://registry.yarnpkg.com/@persevie/gcssjs-linux-arm64-gnu/-/gcssjs-linux-arm64-gnu-1.0.0.tgz#7302ed78f0a3b6d2420bc91ca3b0dbbbf632a0ff"
  integrity sha512-ku0Mt4xSU/WuVOnrsWLZ5QJSa3lD7Yu2JIEd0MGdCl2qz3ocPqu8MYi6H97sbFnsZWKAHpy9nVTGUeIOgGZsQw==

"@persevie/gcssjs-linux-x64-gnu@1.0.0":
  version "1.0.0"
  resolved "https://registry.yarnpkg.com/@persevie/gcssjs-linux-x64-gnu/-/gcssjs-linux-x64-gnu-1.0.0.tgz#8e5fe5b92dbf6944c3ccdfadc83b56f6fcc73c48"
  integrity sha512-WO0iuaBGVeJ1cWa0rcivsokShM4Yn3wVP+E3SpmG7RJXMyUMUMEIlNUAfNJptYbyk8sxdsOowe8xleIzH4KYXw==

"@persevie/gcssjs-win32-arm64-msvc@1.0.0":
  version "1.0.0"
  resolved "https://registry.yarnpkg.com/@persevie/gcssjs-win32-arm64-msvc/-/gcssjs-win32-arm64-msvc-1.0.0.tgz#51028eb8d5d0b6a02871c5d7048c952ab05ff0a0"
  integrity sha512-ZM6w5lKlPvH+d0eoBnps2U+ta8x6p3cVQaH5Ip9lRi9H1vz4X0SA9F0i2u64gum6H714vDCCqfTZEGM6vxCj0w==

"@persevie/gcssjs-win32-x64-msvc@1.0.0":
  version "1.0.0"
  resolved "https://registry.yarnpkg.com/@persevie/gcssjs-win32-x64-msvc/-/gcssjs-win32-x64-msvc-1.0.0.tgz#35c63e0e996a5364c5f765b5df2b468296cd54dc"
  integrity sha512-YsLRVzFqg/j64TjXzaGK8yYPQnvAK/OspAzLVqDQpzXdSDQoFV38aHbcZ+KAGVne86p+VtnHfJA/HPo1ZEROEA==

"@persevie/gcssjs@^1.0.0":
  version "1.0.0"
  resolved "https://registry.yarnpkg.com/@persevie/gcssjs/-/gcssjs-1.0.0.tgz#8613420f6d4e9901e19cbcfa4ef9d56e7767c44e"
  integrity sha512-ggyJNJu/SHGuRUE+l89YrTW9jiBjgIrUOxrX/VtHbcwhcDaMys2FRb6FvNT4Sn5IqpaBOMgGgenQVOmI3FfyGw==
  optionalDependencies:
    "@persevie/gcssjs-darwin-arm64" "1.0.0"
    "@persevie/gcssjs-darwin-x64" "1.0.0"
    "@persevie/gcssjs-linux-arm64-gnu" "1.0.0"
    "@persevie/gcssjs-linux-x64-gnu" "1.0.0"
    "@persevie/gcssjs-win32-arm64-msvc" "1.0.0"
    "@persevie/gcssjs-win32-x64-msvc" "1.0.0"
